
Microsoft Visual Studio Solution File, Format Version 12.00
# Visual Studio Version 16
VisualStudioVersion = 16.0.30907.101
MinimumVisualStudioVersion = 10.0.40219.1
Project("{FAE04EC0-301F-11D3-BF4B-00C04F79EFBC}") = "AdventOfCode", "AdventOfCode\AdventOfCode.csproj", "{A17C770E-1A07-4882-B431-497BAD5D148B}"
EndProject
Global
	GlobalSection(SolutionConfigurationPlatforms) = preSolution
		Debug|Any CPU = Debug|Any CPU
		Release|Any CPU = Release|Any CPU
	EndGlobalSection
	GlobalSection(ProjectConfigurationPlatforms) = postSolution
		{A17C770E-1A07-4882-B431-497BAD5D148B}.Debug|Any CPU.ActiveCfg = Debug|Any CPU
		{A17C770E-1A07-4882-B431-497BAD5D148B}.Debug|Any CPU.Build.0 = Debug|Any CPU
		{A17C770E-1A07-4882-B431-497BAD5D148B}.Release|Any CPU.ActiveCfg = Release|Any CPU
		{A17C770E-1A07-4882-B431-497BAD5D148B}.Release|Any CPU.Build.0 = Release|Any CPU
	EndGlobalSection
	GlobalSection(SolutionProperties) = preSolution
		HideSolutionNode = FALSE
	EndGlobalSection
	GlobalSection(ExtensibilityGlobals) = postSolution
		SolutionGuid = {9F90FE7B-3978-4240-A913-24F5C2B5E721}
	EndGlobalSection
EndGlobal
